{
  "object": {
    "pins": [
      {
        "package": "Rudder",
        "repositoryURL": "https://github.com/rudderlabs/rudder-sdk-ios",
        "state": {
          "branch": null,
          "revision": "c4ae59552166f0a59e47c2f936ccead40f13a8c0",
          "version": "1.32.0"
        }
      },
      {
        "package": "UserLeapKit",
        "repositoryURL": "https://github.com/UserLeap/userleap-ios-sdk-releases",
        "state": {
          "branch": null,
          "revision": "f81b9596f7c254057da7b79037f264a2006c5200",
          "version": "4.30.0"
        }
      }
    ]
  },
  "version": 1
}
